
Microsoft Visual Studio Solution File, Format Version 12.00
# Visual Studio Version 17
VisualStudioVersion = 17.0.32014.148
MinimumVisualStudioVersion = 10.0.40219.1
Project("{2150E333-8FDC-42A3-9474-1A3956D46DE8}") = "src", "src", "{C6472577-6B41-4E2B-A935-06AF4BF11F8A}"
EndProject
Project("{2150E333-8FDC-42A3-9474-1A3956D46DE8}") = "test", "test", "{087D1EE0-83C4-49F3-A3A0-B7EA38029B74}"
EndProject
Project("{2150E333-8FDC-42A3-9474-1A3956D46DE8}") = "Core", "Core", "{37C25161-8C24-4417-A0C2-EC09D87AE850}"
EndProject
Project("{2150E333-8FDC-42A3-9474-1A3956D46DE8}") = "Infrastructure", "Infrastructure", "{CF9A4961-2EBD-4846-8515-BB588461FD7E}"
EndProject
Project("{9A19103F-16F7-4668-BE54-9A1E7A4F7556}") = "ETX.Workflow.Customer.Application", "ETX.Workflow.Customer.Application\ETX.Workflow.Customer.Application.csproj", "{2BE3DF5B-FE92-453A-BE2E-AD8E477EA7E0}"
EndProject
Project("{9A19103F-16F7-4668-BE54-9A1E7A4F7556}") = "ETX.Workflow.Customer.Domain", "ETX.Workflow.Customer.Domain\ETX.Workflow.Customer.Domain.csproj", "{616D82C2-17BB-48F1-A56D-C3CDF12CA372}"
EndProject
Project("{9A19103F-16F7-4668-BE54-9A1E7A4F7556}") = "ETX.Workflow.Customer.Infrastructure", "ETX.Workflow.Customer.Infrastructure\ETX.Workflow.Customer.Infrastructure.csproj", "{0C66C56D-1572-4673-8677-6EC004CCD1EF}"
EndProject
Project("{9A19103F-16F7-4668-BE54-9A1E7A4F7556}") = "ETX.Workflow.Customer.Persistence", "ETX.Workflow.Customer.Persistence\ETX.Workflow.Customer.Persistence.csproj", "{0720FD18-772E-4402-8A4F-362CC14370DA}"
EndProject
Project("{9A19103F-16F7-4668-BE54-9A1E7A4F7556}") = "ETX.Workflow.Customer.Application.Tests", "ETX.Workflow.Customer.Application.Tests\ETX.Workflow.Customer.Application.Tests.csproj", "{B17473C3-D40E-472D-956C-BCAF5D33EDC2}"
EndProject
Project("{2150E333-8FDC-42A3-9474-1A3956D46DE8}") = "Core", "Core", "{D8519F96-C0EA-4E0B-AB5E-08022B4D672B}"
EndProject
Project("{9A19103F-16F7-4668-BE54-9A1E7A4F7556}") = "ETX.Workflow.Customer.Domain.Tests", "ETX.Workflow.Customer.Domain.Tests\ETX.Workflow.Customer.Domain.Tests.csproj", "{B1FFF005-3052-458A-BEFA-9E864AAEB58A}"
EndProject
Project("{2150E333-8FDC-42A3-9474-1A3956D46DE8}") = "Infrastructure", "Infrastructure", "{D137C2AC-E7FB-441D-BC05-06686E2FAD37}"
EndProject
Project("{9A19103F-16F7-4668-BE54-9A1E7A4F7556}") = "ETX.Workflow.Customer.Infrastructure.Tests", "ETX.Workflow.Customer.Infrastructure.Tests\ETX.Workflow.Customer.Infrastructure.Tests.csproj", "{397BCA5A-BA65-4B6E-BC3C-88F0BAE44E6F}"
EndProject
Project("{9A19103F-16F7-4668-BE54-9A1E7A4F7556}") = "ETX.Workflow.Customer.Persistence.Tests", "ETX.Workflow.Customer.Persistence.Tests\ETX.Workflow.Customer.Persistence.Tests.csproj", "{0A438F8D-40C7-43D5-8F07-E29E1B03BA9B}"
EndProject
Project("{9A19103F-16F7-4668-BE54-9A1E7A4F7556}") = "ETX.Workflow.Customer.Fixtures", "ETX.Workflow.Customer.Fixtures\ETX.Workflow.Customer.Fixtures.csproj", "{3ED92692-5532-4A02-9016-8F7639DF4324}"
EndProject
Project("{2150E333-8FDC-42A3-9474-1A3956D46DE8}") = "Solution Items", "Solution Items", "{319F192A-E8FC-43D1-B92A-CAEFB4C4DFE0}"
EndProject
Project("{2150E333-8FDC-42A3-9474-1A3956D46DE8}") = "Service", "Service", "{12602E50-B2C7-433A-A6ED-5CEA55A484C5}"
EndProject
Project("{9A19103F-16F7-4668-BE54-9A1E7A4F7556}") = "ETX.Workflow.Customer.Service", "ETX.Workflow.Customer.Service\ETX.Workflow.Customer.Service.csproj", "{404EC50F-5FB0-4208-9718-78462436E621}"
EndProject
Project("{2150E333-8FDC-42A3-9474-1A3956D46DE8}") = "Service", "Service", "{B89857FE-8EC7-497C-9372-7D433BE1F85E}"
EndProject
Project("{9A19103F-16F7-4668-BE54-9A1E7A4F7556}") = "ETX.Workflow.Customer.Service.Tests", "ETX.Workflow.Customer.Service.Tests\ETX.Workflow.Customer.Service.Tests.csproj", "{107E5841-51CB-4728-A6B2-8AF19997E60A}"
EndProject
Global
	GlobalSection(SolutionConfigurationPlatforms) = preSolution
		Debug|Any CPU = Debug|Any CPU
		Release|Any CPU = Release|Any CPU
	EndGlobalSection
	GlobalSection(ProjectConfigurationPlatforms) = postSolution
		{2BE3DF5B-FE92-453A-BE2E-AD8E477EA7E0}.Debug|Any CPU.ActiveCfg = Debug|Any CPU
		{2BE3DF5B-FE92-453A-BE2E-AD8E477EA7E0}.Debug|Any CPU.Build.0 = Debug|Any CPU
		{2BE3DF5B-FE92-453A-BE2E-AD8E477EA7E0}.Release|Any CPU.ActiveCfg = Release|Any CPU
		{2BE3DF5B-FE92-453A-BE2E-AD8E477EA7E0}.Release|Any CPU.Build.0 = Release|Any CPU
		{616D82C2-17BB-48F1-A56D-C3CDF12CA372}.Debug|Any CPU.ActiveCfg = Debug|Any CPU
		{616D82C2-17BB-48F1-A56D-C3CDF12CA372}.Debug|Any CPU.Build.0 = Debug|Any CPU
		{616D82C2-17BB-48F1-A56D-C3CDF12CA372}.Release|Any CPU.ActiveCfg = Release|Any CPU
		{616D82C2-17BB-48F1-A56D-C3CDF12CA372}.Release|Any CPU.Build.0 = Release|Any CPU
		{0C66C56D-1572-4673-8677-6EC004CCD1EF}.Debug|Any CPU.ActiveCfg = Debug|Any CPU
		{0C66C56D-1572-4673-8677-6EC004CCD1EF}.Debug|Any CPU.Build.0 = Debug|Any CPU
		{0C66C56D-1572-4673-8677-6EC004CCD1EF}.Release|Any CPU.ActiveCfg = Release|Any CPU
		{0C66C56D-1572-4673-8677-6EC004CCD1EF}.Release|Any CPU.Build.0 = Release|Any CPU
		{0720FD18-772E-4402-8A4F-362CC14370DA}.Debug|Any CPU.ActiveCfg = Debug|Any CPU
		{0720FD18-772E-4402-8A4F-362CC14370DA}.Debug|Any CPU.Build.0 = Debug|Any CPU
		{0720FD18-772E-4402-8A4F-362CC14370DA}.Release|Any CPU.ActiveCfg = Release|Any CPU
		{0720FD18-772E-4402-8A4F-362CC14370DA}.Release|Any CPU.Build.0 = Release|Any CPU
		{B17473C3-D40E-472D-956C-BCAF5D33EDC2}.Debug|Any CPU.ActiveCfg = Debug|Any CPU
		{B17473C3-D40E-472D-956C-BCAF5D33EDC2}.Debug|Any CPU.Build.0 = Debug|Any CPU
		{B17473C3-D40E-472D-956C-BCAF5D33EDC2}.Release|Any CPU.ActiveCfg = Release|Any CPU
		{B17473C3-D40E-472D-956C-BCAF5D33EDC2}.Release|Any CPU.Build.0 = Release|Any CPU
		{B1FFF005-3052-458A-BEFA-9E864AAEB58A}.Debug|Any CPU.ActiveCfg = Debug|Any CPU
		{B1FFF005-3052-458A-BEFA-9E864AAEB58A}.Debug|Any CPU.Build.0 = Debug|Any CPU
		{B1FFF005-3052-458A-BEFA-9E864AAEB58A}.Release|Any CPU.ActiveCfg = Release|Any CPU
		{B1FFF005-3052-458A-BEFA-9E864AAEB58A}.Release|Any CPU.Build.0 = Release|Any CPU
		{397BCA5A-BA65-4B6E-BC3C-88F0BAE44E6F}.Debug|Any CPU.ActiveCfg = Debug|Any CPU
		{397BCA5A-BA65-4B6E-BC3C-88F0BAE44E6F}.Debug|Any CPU.Build.0 = Debug|Any CPU
		{397BCA5A-BA65-4B6E-BC3C-88F0BAE44E6F}.Release|Any CPU.ActiveCfg = Release|Any CPU
		{397BCA5A-BA65-4B6E-BC3C-88F0BAE44E6F}.Release|Any CPU.Build.0 = Release|Any CPU
		{0A438F8D-40C7-43D5-8F07-E29E1B03BA9B}.Debug|Any CPU.ActiveCfg = Debug|Any CPU
		{0A438F8D-40C7-43D5-8F07-E29E1B03BA9B}.Debug|Any CPU.Build.0 = Debug|Any CPU
		{0A438F8D-40C7-43D5-8F07-E29E1B03BA9B}.Release|Any CPU.ActiveCfg = Release|Any CPU
		{0A438F8D-40C7-43D5-8F07-E29E1B03BA9B}.Release|Any CPU.Build.0 = Release|Any CPU
		{3ED92692-5532-4A02-9016-8F7639DF4324}.Debug|Any CPU.ActiveCfg = Debug|Any CPU
		{3ED92692-5532-4A02-9016-8F7639DF4324}.Debug|Any CPU.Build.0 = Debug|Any CPU
		{3ED92692-5532-4A02-9016-8F7639DF4324}.Release|Any CPU.ActiveCfg = Release|Any CPU
		{3ED92692-5532-4A02-9016-8F7639DF4324}.Release|Any CPU.Build.0 = Release|Any CPU
		{404EC50F-5FB0-4208-9718-78462436E621}.Debug|Any CPU.ActiveCfg = Debug|Any CPU
		{404EC50F-5FB0-4208-9718-78462436E621}.Debug|Any CPU.Build.0 = Debug|Any CPU
		{404EC50F-5FB0-4208-9718-78462436E621}.Release|Any CPU.ActiveCfg = Release|Any CPU
		{404EC50F-5FB0-4208-9718-78462436E621}.Release|Any CPU.Build.0 = Release|Any CPU
		{107E5841-51CB-4728-A6B2-8AF19997E60A}.Debug|Any CPU.ActiveCfg = Debug|Any CPU
		{107E5841-51CB-4728-A6B2-8AF19997E60A}.Debug|Any CPU.Build.0 = Debug|Any CPU
		{107E5841-51CB-4728-A6B2-8AF19997E60A}.Release|Any CPU.ActiveCfg = Release|Any CPU
		{107E5841-51CB-4728-A6B2-8AF19997E60A}.Release|Any CPU.Build.0 = Release|Any CPU
	EndGlobalSection
	GlobalSection(SolutionProperties) = preSolution
		HideSolutionNode = FALSE
	EndGlobalSection
	GlobalSection(NestedProjects) = preSolution
		{37C25161-8C24-4417-A0C2-EC09D87AE850} = {C6472577-6B41-4E2B-A935-06AF4BF11F8A}
		{CF9A4961-2EBD-4846-8515-BB588461FD7E} = {C6472577-6B41-4E2B-A935-06AF4BF11F8A}
		{2BE3DF5B-FE92-453A-BE2E-AD8E477EA7E0} = {37C25161-8C24-4417-A0C2-EC09D87AE850}
		{616D82C2-17BB-48F1-A56D-C3CDF12CA372} = {37C25161-8C24-4417-A0C2-EC09D87AE850}
		{0C66C56D-1572-4673-8677-6EC004CCD1EF} = {CF9A4961-2EBD-4846-8515-BB588461FD7E}
		{0720FD18-772E-4402-8A4F-362CC14370DA} = {CF9A4961-2EBD-4846-8515-BB588461FD7E}
		{B17473C3-D40E-472D-956C-BCAF5D33EDC2} = {D8519F96-C0EA-4E0B-AB5E-08022B4D672B}
		{D8519F96-C0EA-4E0B-AB5E-08022B4D672B} = {087D1EE0-83C4-49F3-A3A0-B7EA38029B74}
		{B1FFF005-3052-458A-BEFA-9E864AAEB58A} = {D8519F96-C0EA-4E0B-AB5E-08022B4D672B}
		{D137C2AC-E7FB-441D-BC05-06686E2FAD37} = {087D1EE0-83C4-49F3-A3A0-B7EA38029B74}
		{397BCA5A-BA65-4B6E-BC3C-88F0BAE44E6F} = {D137C2AC-E7FB-441D-BC05-06686E2FAD37}
		{0A438F8D-40C7-43D5-8F07-E29E1B03BA9B} = {D137C2AC-E7FB-441D-BC05-06686E2FAD37}
		{3ED92692-5532-4A02-9016-8F7639DF4324} = {D8519F96-C0EA-4E0B-AB5E-08022B4D672B}
		{12602E50-B2C7-433A-A6ED-5CEA55A484C5} = {C6472577-6B41-4E2B-A935-06AF4BF11F8A}
		{404EC50F-5FB0-4208-9718-78462436E621} = {12602E50-B2C7-433A-A6ED-5CEA55A484C5}
		{B89857FE-8EC7-497C-9372-7D433BE1F85E} = {087D1EE0-83C4-49F3-A3A0-B7EA38029B74}
		{107E5841-51CB-4728-A6B2-8AF19997E60A} = {B89857FE-8EC7-497C-9372-7D433BE1F85E}
	EndGlobalSection
	GlobalSection(ExtensibilityGlobals) = postSolution
		SolutionGuid = {3B175EC1-72F4-43DC-A745-60B1CC9E59F5}
	EndGlobalSection
EndGlobal
